<?xml version="1.0" encoding="utf-8"?>
<Project ToolsVersion="4.0" xmlns="http://schemas.microsoft.com/developer/msbuild/2003">
  <ItemGroup>
    <ClCompile Include="..\Source\AIBubbleGroup.cpp" />
    <ClCompile Include="..\Source\Bubble.cpp" />
    <ClCompile Include="..\Source\BubbleGroup.cpp" />
    <ClCompile Include="..\Source\Camera.cpp" />
    <ClCompile Include="..\Source\ConeModel.cpp" />
    <ClCompile Include="..\Source\Endgame.cpp" />
    <ClCompile Include="..\Source\EventManager.cpp" />
    <ClCompile Include="..\Source\main.cpp" />
    <ClCompile Include="..\Source\Menu.cpp" />
    <ClCompile Include="..\Source\Model.cpp" />
    <ClCompile Include="..\Source\PlayerBubbleGroup.cpp" />
    <ClCompile Include="..\Source\Renderer.cpp" />
    <ClCompile Include="..\Source\SceneLoader.cpp" />
    <ClCompile Include="..\Source\SphereModel.cpp" />
    <ClCompile Include="..\Source\SpikeBall.cpp" />
    <ClCompile Include="..\Source\ThirdPersonCamera.cpp" />
    <ClCompile Include="..\Source\World.cpp" />
    <ClCompile Include="..\Source\WorldDrawer.cpp" />
  </ItemGroup>
  <ItemGroup>
    <ClInclude Include="..\Source\AIBubbleGroup.h" />
    <ClInclude Include="..\Source\Bubble.h" />
    <ClInclude Include="..\Source\BubbleGroup.h" />
    <ClInclude Include="..\Source\Camera.h" />
    <ClInclude Include="..\Source\ConeModel.h" />
    <ClInclude Include="..\Source\Endgame.h" />
    <ClInclude Include="..\Source\EventManager.h" />
    <ClInclude Include="..\Source\Menu.h" />
    <ClInclude Include="..\Source\Model.h" />
    <ClInclude Include="..\Source\ParsingHelper.h" />
    <ClInclude Include="..\Source\PlayerBubbleGroup.h" />
    <ClInclude Include="..\Source\Renderer.h" />
    <ClInclude Include="..\Source\SceneLoader.h" />
    <ClInclude Include="..\Source\SphereModel.h" />
    <ClInclude Include="..\Source\SpikeBall.h" />
    <ClInclude Include="..\Source\ThirdPersonCamera.h" />
    <ClInclude Include="..\Source\World.h" />
    <ClInclude Include="..\Source\WorldDrawer.h" />
  </ItemGroup>
  <ItemGroup>
    <Image Include="..\Assets\Textures\Press.png" />
    <Image Include="..\Assets\Textures\Title.png" />
  </ItemGroup>
  <ItemGroup>
    <None Include="..\Assets\Scenes\PrototypeUniverse.scene" />
    <None Include="..\Assets\Shaders\SolidColor.fragmentshader" />
    <None Include="..\Assets\Shaders\SolidColor.vertexshader" />
    <None Include="..\Assets\Shaders\Texture.fragmentshader" />
    <None Include="..\Assets\Shaders\Texture.vertexshader" />
    <ClCompile Include="..\Source\Renderer.cpp">
      <Filter>Source Files</Filter>
    </ClCompile>
    <ClCompile Include="..\Source\SphereModel.cpp">
      <Filter>Source Files</Filter>
    </ClCompile>
    <ClCompile Include="..\Source\World.cpp">
      <Filter>Source Files</Filter>
    </ClCompile>
    <ClCompile Include="..\Source\Camera.cpp">
      <Filter>Source Files</Filter>
    </ClCompile>
    <ClCompile Include="..\Source\main.cpp">
      <Filter>Source Files</Filter>
    </ClCompile>
    <ClCompile Include="..\Source\Model.cpp">
      <Filter>Source Files</Filter>
    </ClCompile>
    <ClCompile Include="..\Source\SceneLoader.cpp">
      <Filter>Source Files</Filter>
    </ClCompile>
    <ClCompile Include="..\Source\ThirdPersonCamera.cpp">
      <Filter>Source Files</Filter>
    </ClCompile>
    <ClCompile Include="..\Source\BubbleGroup.cpp">
      <Filter>Source Files</Filter>
    </ClCompile>
    <ClCompile Include="..\Source\PlayerBubbleGroup.cpp">
      <Filter>Source Files</Filter>
    </ClCompile>
    <ClCompile Include="..\Source\AIBubbleGroup.cpp">
      <Filter>Source Files</Filter>
    </ClCompile>
    <ClCompile Include="..\Source\ConeModel.cpp">
      <Filter>Source Files</Filter>
    </ClCompile>
    <ClCompile Include="..\Source\Bubble.cpp">
      <Filter>Source Files</Filter>
    </ClCompile>
    <ClCompile Include="..\Source\WorldDrawer.cpp">
      <Filter>Source Files</Filter>
    </ClCompile>
    <ClCompile Include="..\Source\SpikeBall.cpp">
    <ClCompile Include="..\Source\Menu.cpp">
      <Filter>Source Files</Filter>
    </ClCompile>
    <ClCompile Include="..\Source\EventManager.cpp">
      <Filter>Source Files</Filter>
    </ClCompile>
    <ClCompile Include="..\Source\Endgame.cpp">
      <Filter>Source Files</Filter>
    </ClCompile>
  </ItemGroup>
  <ItemGroup>
    <ClInclude Include="..\Source\Renderer.h">
      <Filter>Source Files</Filter>
    </ClInclude>
    <ClInclude Include="..\Source\SphereModel.h">
      <Filter>Source Files</Filter>
    </ClInclude>
    <ClInclude Include="..\Source\World.h">
      <Filter>Source Files</Filter>
    </ClInclude>
    <ClInclude Include="..\Source\Camera.h">
      <Filter>Source Files</Filter>
    </ClInclude>
    <ClInclude Include="..\Source\Model.h">
      <Filter>Source Files</Filter>
    </ClInclude>
    <ClInclude Include="..\Source\ParsingHelper.h">
      <Filter>Source Files</Filter>
    </ClInclude>
    <ClInclude Include="..\Source\SceneLoader.h">
      <Filter>Source Files</Filter>
    </ClInclude>
    <ClInclude Include="..\Source\ThirdPersonCamera.h">
      <Filter>Source Files</Filter>
    </ClInclude>
    <ClInclude Include="..\Source\BubbleGroup.h">
      <Filter>Source Files</Filter>
    </ClInclude>
    <ClInclude Include="..\Source\PlayerBubbleGroup.h">
      <Filter>Source Files</Filter>
    </ClInclude>
    <ClInclude Include="..\Source\AIBubbleGroup.h">
      <Filter>Source Files</Filter>
    </ClInclude>
    <ClInclude Include="..\Source\ConeModel.h">
      <Filter>Source Files</Filter>
    </ClInclude>
    <ClInclude Include="..\Source\WorldDrawer.h">
      <Filter>Source Files</Filter>
    </ClInclude>
    <ClInclude Include="..\Source\Bubble.h">
      <Filter>Source Files</Filter>
    </ClInclude>
    <ClInclude Include="..\Source\SpikeBall.h">
      <Filter>Source Files</Filter>
    </ClInclude>
    <ClInclude Include="..\Source\Menu.h">
      <Filter>Source Files</Filter>
    </ClInclude>
    <ClInclude Include="..\Source\EventManager.h">
      <Filter>Source Files</Filter>
    </ClInclude>
    <ClInclude Include="..\Source\Endgame.h">
      <Filter>Source Files</Filter>
    </ClInclude>
  </ItemGroup>
  <ItemGroup>
    <Image Include="..\Assets\Textures\Press.png">
      <Filter>Resource Files\Textures</Filter>
    </Image>
    <Image Include="..\Assets\Textures\Title.png">
      <Filter>Resource Files\Textures</Filter>
    </Image>
  </ItemGroup>
</Project>